
Microsoft Visual Studio Solution File, Format Version 12.00
Project("{FAE04EC0-301F-11D3-BF4B-00C04F79EFBC}") = "HelloWorld", "HelloWorld\HelloWorld.csproj", "{B1E91E84-3114-4221-9D6E-2FA63BE3181D}"
EndProject
Project("{FAE04EC0-301F-11D3-BF4B-00C04F79EFBC}") = "DataTypes", "DataTypes\DataTypes.csproj", "{AC560B68-DD11-4717-8ECF-B8F0F53991B6}"
EndProject
Project("{FAE04EC0-301F-11D3-BF4B-00C04F79EFBC}") = "ReadApp", "ReadApp\ReadApp.csproj", "{11249F62-A657-42D3-B8CA-18A0CD38BDC7}"
EndProject
Project("{FAE04EC0-301F-11D3-BF4B-00C04F79EFBC}") = "ArgsApp", "ArgsApp\ArgsApp.csproj", "{3837AB18-8691-465B-B4CD-30F691EA13CD}"
EndProject
Project("{FAE04EC0-301F-11D3-BF4B-00C04F79EFBC}") = "ExpressionsApp", "ExpressionsApp\ExpressionsApp.csproj", "{254D3E30-7615-4D67-97FB-5B15DB12E2FF}"
EndProject
Project("{FAE04EC0-301F-11D3-BF4B-00C04F79EFBC}") = "FiboIterativeApp", "FiboIterativeApp\FiboIterativeApp.csproj", "{237EEE9F-305C-41E5-8966-DE3F9A200FD2}"
EndProject
Project("{FAE04EC0-301F-11D3-BF4B-00C04F79EFBC}") = "IgnoreNegatives", "IgnoreNegatives\IgnoreNegatives.csproj", "{29DD1D01-D592-46CC-858B-4B8E3F651CD0}"
EndProject
Project("{FAE04EC0-301F-11D3-BF4B-00C04F79EFBC}") = "FiboRecursive", "FiboRecursive\FiboRecursive.csproj", "{E3002788-E1DC-494E-BC0E-0FDA73C2BF26}"
EndProject
Project("{FAE04EC0-301F-11D3-BF4B-00C04F79EFBC}") = "AccountApp", "AccountApp\AccountApp.csproj", "{FA258BC4-08A3-4A87-941F-FCF95A135A00}"
EndProject
Project("{FAE04EC0-301F-11D3-BF4B-00C04F79EFBC}") = "ArraysOneDim", "ArraysOneDim\ArraysOneDim.csproj", "{1BD7AD99-2579-4E0B-A92E-91CC3E7FA60F}"
EndProject
Project("{FAE04EC0-301F-11D3-BF4B-00C04F79EFBC}") = "ArraysTwoDim", "ArraysTwoDim\ArraysTwoDim.csproj", "{7D68F733-66FB-456E-995D-179CF41A3734}"
EndProject
Project("{FAE04EC0-301F-11D3-BF4B-00C04F79EFBC}") = "FactorialApp", "FactorialApp\FactorialApp.csproj", "{62361E11-3B1C-41F8-B7A0-EC41699728B8}"
EndProject
Project("{FAE04EC0-301F-11D3-BF4B-00C04F79EFBC}") = "FiboWithArray", "FiboWithArray\FiboWithArray.csproj", "{AA26B171-D66F-41E0-BFDE-EB62FDCB1F0A}"
EndProject
Project("{FAE04EC0-301F-11D3-BF4B-00C04F79EFBC}") = "GradesApp", "GradesApp\GradesApp.csproj", "{6A679E09-E74E-4C6C-98F6-2FDB43BE4697}"
EndProject
Project("{FAE04EC0-301F-11D3-BF4B-00C04F79EFBC}") = "Max2x2App", "Max2x2App\Max2x2App.csproj", "{FB67D06E-8335-447C-8AF3-D679EC579EB4}"
EndProject
Project("{FAE04EC0-301F-11D3-BF4B-00C04F79EFBC}") = "MethodOverload", "MethodOverload\MethodOverload.csproj", "{EBA0573A-B1A4-4BB9-8674-C11DACAB40CC}"
EndProject
Project("{FAE04EC0-301F-11D3-BF4B-00C04F79EFBC}") = "NullableStrings", "NullableStrings\NullableStrings.csproj", "{A474E67E-4618-4274-A731-153020342F37}"
EndProject
Project("{FAE04EC0-301F-11D3-BF4B-00C04F79EFBC}") = "OOApp", "OOApp\OOApp.csproj", "{6C630718-5D4C-4CA1-9C61-44B884D4DC0D}"
EndProject
Project("{FAE04EC0-301F-11D3-BF4B-00C04F79EFBC}") = "OptionalParams", "OptionalParams\OptionalParams.csproj", "{273C4012-ED65-4376-8DF5-0FA4ABB99667}"
EndProject
Project("{FAE04EC0-301F-11D3-BF4B-00C04F79EFBC}") = "OutputApp", "OutputApp\OutputApp.csproj", "{14BA9173-BEA6-4861-897D-23E061439DBA}"
EndProject
Project("{FAE04EC0-301F-11D3-BF4B-00C04F79EFBC}") = "ParamsApp", "ParamsApp\ParamsApp.csproj", "{EB10875B-2946-4D08-8129-B8DC8AA3B35F}"
EndProject
Project("{FAE04EC0-301F-11D3-BF4B-00C04F79EFBC}") = "PointApp", "PointApp\PointApp.csproj", "{53B53AB5-F31C-410A-B11F-D576B04328C1}"
EndProject
Project("{FAE04EC0-301F-11D3-BF4B-00C04F79EFBC}") = "PowerApp", "PowerApp\PowerApp.csproj", "{6197D7C8-76C7-44F9-8503-C89C00BCCC58}"
EndProject
Project("{FAE04EC0-301F-11D3-BF4B-00C04F79EFBC}") = "PrimesApp", "PrimesApp\PrimesApp.csproj", "{5B0394BB-0B51-4685-AF78-D2AB6C2EED1C}"
EndProject
Project("{FAE04EC0-301F-11D3-BF4B-00C04F79EFBC}") = "RegEx", "RegEx\RegEx.csproj", "{490A30D0-57AC-4DA8-BEBA-15F7E710CD6F}"
EndProject
Project("{FAE04EC0-301F-11D3-BF4B-00C04F79EFBC}") = "RightTriangleApp", "RightTriangleApp\RightTriangleApp.csproj", "{52C32804-3F9F-4501-B0FA-4B1B47ED9DD0}"
EndProject
Project("{FAE04EC0-301F-11D3-BF4B-00C04F79EFBC}") = "StringApp", "StringApp\StringApp.csproj", "{1E51CC0F-15B9-40D2-9968-8380D3EF0071}"
EndProject
Project("{FAE04EC0-301F-11D3-BF4B-00C04F79EFBC}") = "SwapApp", "SwapApp\SwapApp.csproj", "{BDFEB73B-F10B-4129-B5B4-335731F62B90}"
EndProject
Global
	GlobalSection(SolutionConfigurationPlatforms) = preSolution
		Debug|Any CPU = Debug|Any CPU
		Release|Any CPU = Release|Any CPU
	EndGlobalSection
	GlobalSection(ProjectConfigurationPlatforms) = postSolution
		{B1E91E84-3114-4221-9D6E-2FA63BE3181D}.Debug|Any CPU.ActiveCfg = Debug|Any CPU
		{B1E91E84-3114-4221-9D6E-2FA63BE3181D}.Debug|Any CPU.Build.0 = Debug|Any CPU
		{B1E91E84-3114-4221-9D6E-2FA63BE3181D}.Release|Any CPU.ActiveCfg = Release|Any CPU
		{B1E91E84-3114-4221-9D6E-2FA63BE3181D}.Release|Any CPU.Build.0 = Release|Any CPU
		{AC560B68-DD11-4717-8ECF-B8F0F53991B6}.Debug|Any CPU.ActiveCfg = Debug|Any CPU
		{AC560B68-DD11-4717-8ECF-B8F0F53991B6}.Debug|Any CPU.Build.0 = Debug|Any CPU
		{AC560B68-DD11-4717-8ECF-B8F0F53991B6}.Release|Any CPU.ActiveCfg = Release|Any CPU
		{AC560B68-DD11-4717-8ECF-B8F0F53991B6}.Release|Any CPU.Build.0 = Release|Any CPU
		{11249F62-A657-42D3-B8CA-18A0CD38BDC7}.Debug|Any CPU.ActiveCfg = Debug|Any CPU
		{11249F62-A657-42D3-B8CA-18A0CD38BDC7}.Debug|Any CPU.Build.0 = Debug|Any CPU
		{11249F62-A657-42D3-B8CA-18A0CD38BDC7}.Release|Any CPU.ActiveCfg = Release|Any CPU
		{11249F62-A657-42D3-B8CA-18A0CD38BDC7}.Release|Any CPU.Build.0 = Release|Any CPU
		{3837AB18-8691-465B-B4CD-30F691EA13CD}.Debug|Any CPU.ActiveCfg = Debug|Any CPU
		{3837AB18-8691-465B-B4CD-30F691EA13CD}.Debug|Any CPU.Build.0 = Debug|Any CPU
		{3837AB18-8691-465B-B4CD-30F691EA13CD}.Release|Any CPU.ActiveCfg = Release|Any CPU
		{3837AB18-8691-465B-B4CD-30F691EA13CD}.Release|Any CPU.Build.0 = Release|Any CPU
		{254D3E30-7615-4D67-97FB-5B15DB12E2FF}.Debug|Any CPU.ActiveCfg = Debug|Any CPU
		{254D3E30-7615-4D67-97FB-5B15DB12E2FF}.Debug|Any CPU.Build.0 = Debug|Any CPU
		{254D3E30-7615-4D67-97FB-5B15DB12E2FF}.Release|Any CPU.ActiveCfg = Release|Any CPU
		{254D3E30-7615-4D67-97FB-5B15DB12E2FF}.Release|Any CPU.Build.0 = Release|Any CPU
		{237EEE9F-305C-41E5-8966-DE3F9A200FD2}.Debug|Any CPU.ActiveCfg = Debug|Any CPU
		{237EEE9F-305C-41E5-8966-DE3F9A200FD2}.Debug|Any CPU.Build.0 = Debug|Any CPU
		{237EEE9F-305C-41E5-8966-DE3F9A200FD2}.Release|Any CPU.ActiveCfg = Release|Any CPU
		{237EEE9F-305C-41E5-8966-DE3F9A200FD2}.Release|Any CPU.Build.0 = Release|Any CPU
		{29DD1D01-D592-46CC-858B-4B8E3F651CD0}.Debug|Any CPU.ActiveCfg = Debug|Any CPU
		{29DD1D01-D592-46CC-858B-4B8E3F651CD0}.Debug|Any CPU.Build.0 = Debug|Any CPU
		{29DD1D01-D592-46CC-858B-4B8E3F651CD0}.Release|Any CPU.ActiveCfg = Release|Any CPU
		{29DD1D01-D592-46CC-858B-4B8E3F651CD0}.Release|Any CPU.Build.0 = Release|Any CPU
		{E3002788-E1DC-494E-BC0E-0FDA73C2BF26}.Debug|Any CPU.ActiveCfg = Debug|Any CPU
		{E3002788-E1DC-494E-BC0E-0FDA73C2BF26}.Debug|Any CPU.Build.0 = Debug|Any CPU
		{E3002788-E1DC-494E-BC0E-0FDA73C2BF26}.Release|Any CPU.ActiveCfg = Release|Any CPU
		{E3002788-E1DC-494E-BC0E-0FDA73C2BF26}.Release|Any CPU.Build.0 = Release|Any CPU
		{FA258BC4-08A3-4A87-941F-FCF95A135A00}.Debug|Any CPU.ActiveCfg = Debug|Any CPU
		{FA258BC4-08A3-4A87-941F-FCF95A135A00}.Debug|Any CPU.Build.0 = Debug|Any CPU
		{FA258BC4-08A3-4A87-941F-FCF95A135A00}.Release|Any CPU.ActiveCfg = Release|Any CPU
		{FA258BC4-08A3-4A87-941F-FCF95A135A00}.Release|Any CPU.Build.0 = Release|Any CPU
		{1BD7AD99-2579-4E0B-A92E-91CC3E7FA60F}.Debug|Any CPU.ActiveCfg = Debug|Any CPU
		{1BD7AD99-2579-4E0B-A92E-91CC3E7FA60F}.Debug|Any CPU.Build.0 = Debug|Any CPU
		{1BD7AD99-2579-4E0B-A92E-91CC3E7FA60F}.Release|Any CPU.ActiveCfg = Release|Any CPU
		{1BD7AD99-2579-4E0B-A92E-91CC3E7FA60F}.Release|Any CPU.Build.0 = Release|Any CPU
		{7D68F733-66FB-456E-995D-179CF41A3734}.Debug|Any CPU.ActiveCfg = Debug|Any CPU
		{7D68F733-66FB-456E-995D-179CF41A3734}.Debug|Any CPU.Build.0 = Debug|Any CPU
		{7D68F733-66FB-456E-995D-179CF41A3734}.Release|Any CPU.ActiveCfg = Release|Any CPU
		{7D68F733-66FB-456E-995D-179CF41A3734}.Release|Any CPU.Build.0 = Release|Any CPU
		{62361E11-3B1C-41F8-B7A0-EC41699728B8}.Debug|Any CPU.ActiveCfg = Debug|Any CPU
		{62361E11-3B1C-41F8-B7A0-EC41699728B8}.Debug|Any CPU.Build.0 = Debug|Any CPU
		{62361E11-3B1C-41F8-B7A0-EC41699728B8}.Release|Any CPU.ActiveCfg = Release|Any CPU
		{62361E11-3B1C-41F8-B7A0-EC41699728B8}.Release|Any CPU.Build.0 = Release|Any CPU
		{AA26B171-D66F-41E0-BFDE-EB62FDCB1F0A}.Debug|Any CPU.ActiveCfg = Debug|Any CPU
		{AA26B171-D66F-41E0-BFDE-EB62FDCB1F0A}.Debug|Any CPU.Build.0 = Debug|Any CPU
		{AA26B171-D66F-41E0-BFDE-EB62FDCB1F0A}.Release|Any CPU.ActiveCfg = Release|Any CPU
		{AA26B171-D66F-41E0-BFDE-EB62FDCB1F0A}.Release|Any CPU.Build.0 = Release|Any CPU
		{6A679E09-E74E-4C6C-98F6-2FDB43BE4697}.Debug|Any CPU.ActiveCfg = Debug|Any CPU
		{6A679E09-E74E-4C6C-98F6-2FDB43BE4697}.Debug|Any CPU.Build.0 = Debug|Any CPU
		{6A679E09-E74E-4C6C-98F6-2FDB43BE4697}.Release|Any CPU.ActiveCfg = Release|Any CPU
		{6A679E09-E74E-4C6C-98F6-2FDB43BE4697}.Release|Any CPU.Build.0 = Release|Any CPU
		{FB67D06E-8335-447C-8AF3-D679EC579EB4}.Debug|Any CPU.ActiveCfg = Debug|Any CPU
		{FB67D06E-8335-447C-8AF3-D679EC579EB4}.Debug|Any CPU.Build.0 = Debug|Any CPU
		{FB67D06E-8335-447C-8AF3-D679EC579EB4}.Release|Any CPU.ActiveCfg = Release|Any CPU
		{FB67D06E-8335-447C-8AF3-D679EC579EB4}.Release|Any CPU.Build.0 = Release|Any CPU
		{EBA0573A-B1A4-4BB9-8674-C11DACAB40CC}.Debug|Any CPU.ActiveCfg = Debug|Any CPU
		{EBA0573A-B1A4-4BB9-8674-C11DACAB40CC}.Debug|Any CPU.Build.0 = Debug|Any CPU
		{EBA0573A-B1A4-4BB9-8674-C11DACAB40CC}.Release|Any CPU.ActiveCfg = Release|Any CPU
		{EBA0573A-B1A4-4BB9-8674-C11DACAB40CC}.Release|Any CPU.Build.0 = Release|Any CPU
		{A474E67E-4618-4274-A731-153020342F37}.Debug|Any CPU.ActiveCfg = Debug|Any CPU
		{A474E67E-4618-4274-A731-153020342F37}.Debug|Any CPU.Build.0 = Debug|Any CPU
		{A474E67E-4618-4274-A731-153020342F37}.Release|Any CPU.ActiveCfg = Release|Any CPU
		{A474E67E-4618-4274-A731-153020342F37}.Release|Any CPU.Build.0 = Release|Any CPU
		{6C630718-5D4C-4CA1-9C61-44B884D4DC0D}.Debug|Any CPU.ActiveCfg = Debug|Any CPU
		{6C630718-5D4C-4CA1-9C61-44B884D4DC0D}.Debug|Any CPU.Build.0 = Debug|Any CPU
		{6C630718-5D4C-4CA1-9C61-44B884D4DC0D}.Release|Any CPU.ActiveCfg = Release|Any CPU
		{6C630718-5D4C-4CA1-9C61-44B884D4DC0D}.Release|Any CPU.Build.0 = Release|Any CPU
		{273C4012-ED65-4376-8DF5-0FA4ABB99667}.Debug|Any CPU.ActiveCfg = Debug|Any CPU
		{273C4012-ED65-4376-8DF5-0FA4ABB99667}.Debug|Any CPU.Build.0 = Debug|Any CPU
		{273C4012-ED65-4376-8DF5-0FA4ABB99667}.Release|Any CPU.ActiveCfg = Release|Any CPU
		{273C4012-ED65-4376-8DF5-0FA4ABB99667}.Release|Any CPU.Build.0 = Release|Any CPU
		{14BA9173-BEA6-4861-897D-23E061439DBA}.Debug|Any CPU.ActiveCfg = Debug|Any CPU
		{14BA9173-BEA6-4861-897D-23E061439DBA}.Debug|Any CPU.Build.0 = Debug|Any CPU
		{14BA9173-BEA6-4861-897D-23E061439DBA}.Release|Any CPU.ActiveCfg = Release|Any CPU
		{14BA9173-BEA6-4861-897D-23E061439DBA}.Release|Any CPU.Build.0 = Release|Any CPU
		{EB10875B-2946-4D08-8129-B8DC8AA3B35F}.Debug|Any CPU.ActiveCfg = Debug|Any CPU
		{EB10875B-2946-4D08-8129-B8DC8AA3B35F}.Debug|Any CPU.Build.0 = Debug|Any CPU
		{EB10875B-2946-4D08-8129-B8DC8AA3B35F}.Release|Any CPU.ActiveCfg = Release|Any CPU
		{EB10875B-2946-4D08-8129-B8DC8AA3B35F}.Release|Any CPU.Build.0 = Release|Any CPU
		{53B53AB5-F31C-410A-B11F-D576B04328C1}.Debug|Any CPU.ActiveCfg = Debug|Any CPU
		{53B53AB5-F31C-410A-B11F-D576B04328C1}.Debug|Any CPU.Build.0 = Debug|Any CPU
		{53B53AB5-F31C-410A-B11F-D576B04328C1}.Release|Any CPU.ActiveCfg = Release|Any CPU
		{53B53AB5-F31C-410A-B11F-D576B04328C1}.Release|Any CPU.Build.0 = Release|Any CPU
		{6197D7C8-76C7-44F9-8503-C89C00BCCC58}.Debug|Any CPU.ActiveCfg = Debug|Any CPU
		{6197D7C8-76C7-44F9-8503-C89C00BCCC58}.Debug|Any CPU.Build.0 = Debug|Any CPU
		{6197D7C8-76C7-44F9-8503-C89C00BCCC58}.Release|Any CPU.ActiveCfg = Release|Any CPU
		{6197D7C8-76C7-44F9-8503-C89C00BCCC58}.Release|Any CPU.Build.0 = Release|Any CPU
		{5B0394BB-0B51-4685-AF78-D2AB6C2EED1C}.Debug|Any CPU.ActiveCfg = Debug|Any CPU
		{5B0394BB-0B51-4685-AF78-D2AB6C2EED1C}.Debug|Any CPU.Build.0 = Debug|Any CPU
		{5B0394BB-0B51-4685-AF78-D2AB6C2EED1C}.Release|Any CPU.ActiveCfg = Release|Any CPU
		{5B0394BB-0B51-4685-AF78-D2AB6C2EED1C}.Release|Any CPU.Build.0 = Release|Any CPU
		{490A30D0-57AC-4DA8-BEBA-15F7E710CD6F}.Debug|Any CPU.ActiveCfg = Debug|Any CPU
		{490A30D0-57AC-4DA8-BEBA-15F7E710CD6F}.Debug|Any CPU.Build.0 = Debug|Any CPU
		{490A30D0-57AC-4DA8-BEBA-15F7E710CD6F}.Release|Any CPU.ActiveCfg = Release|Any CPU
		{490A30D0-57AC-4DA8-BEBA-15F7E710CD6F}.Release|Any CPU.Build.0 = Release|Any CPU
		{52C32804-3F9F-4501-B0FA-4B1B47ED9DD0}.Debug|Any CPU.ActiveCfg = Debug|Any CPU
		{52C32804-3F9F-4501-B0FA-4B1B47ED9DD0}.Debug|Any CPU.Build.0 = Debug|Any CPU
		{52C32804-3F9F-4501-B0FA-4B1B47ED9DD0}.Release|Any CPU.ActiveCfg = Release|Any CPU
		{52C32804-3F9F-4501-B0FA-4B1B47ED9DD0}.Release|Any CPU.Build.0 = Release|Any CPU
		{1E51CC0F-15B9-40D2-9968-8380D3EF0071}.Debug|Any CPU.ActiveCfg = Debug|Any CPU
		{1E51CC0F-15B9-40D2-9968-8380D3EF0071}.Debug|Any CPU.Build.0 = Debug|Any CPU
		{1E51CC0F-15B9-40D2-9968-8380D3EF0071}.Release|Any CPU.ActiveCfg = Release|Any CPU
		{1E51CC0F-15B9-40D2-9968-8380D3EF0071}.Release|Any CPU.Build.0 = Release|Any CPU
		{BDFEB73B-F10B-4129-B5B4-335731F62B90}.Debug|Any CPU.ActiveCfg = Debug|Any CPU
		{BDFEB73B-F10B-4129-B5B4-335731F62B90}.Debug|Any CPU.Build.0 = Debug|Any CPU
		{BDFEB73B-F10B-4129-B5B4-335731F62B90}.Release|Any CPU.ActiveCfg = Release|Any CPU
		{BDFEB73B-F10B-4129-B5B4-335731F62B90}.Release|Any CPU.Build.0 = Release|Any CPU
	EndGlobalSection
EndGlobal
